// !$*UTF8*$!
{
	archiveVersion = 1;
	classes = {
	};
	objectVersion = 50;
	objects = {

/* Begin PBXBuildFile section */
		662CEF5C21E99AA6009330BC /* AppDelegate.swift in Sources */ = {isa = PBXBuildFile; fileRef = 662CEF5B21E99AA6009330BC /* AppDelegate.swift */; };
		662CEF5E21E99AA6009330BC /* ViewController.swift in Sources */ = {isa = PBXBuildFile; fileRef = 662CEF5D21E99AA6009330BC /* ViewController.swift */; };
		662CEF6121E99AA6009330BC /* Main.storyboard in Resources */ = {isa = PBXBuildFile; fileRef = 662CEF5F21E99AA6009330BC /* Main.storyboard */; };
		662CEF6321E99AA9009330BC /* Assets.xcassets in Resources */ = {isa = PBXBuildFile; fileRef = 662CEF6221E99AA9009330BC /* Assets.xcassets */; };
		662CEF6621E99AA9009330BC /* LaunchScreen.storyboard in Resources */ = {isa = PBXBuildFile; fileRef = 662CEF6421E99AA9009330BC /* LaunchScreen.storyboard */; };
		662CEF6E21E99CB5009330BC /* DotoList.swift in Sources */ = {isa = PBXBuildFile; fileRef = 662CEF6D21E99CB5009330BC /* DotoList.swift */; };
/* End PBXBuildFile section */

/* Begin PBXFileReference section */
		662CEF5821E99AA6009330BC /* doto List.app */ = {isa = PBXFileReference; explicitFileType = wrapper.application; includeInIndex = 0; path = "doto List.app"; sourceTree = BUILT_PRODUCTS_DIR; };
		662CEF5B21E99AA6009330BC /* AppDelegate.swift */ = {isa = PBXFileReference; lastKnownFileType = sourcecode.swift; path = AppDelegate.swift; sourceTree = "<group>"; };
		662CEF5D21E99AA6009330BC /* ViewController.swift */ = {isa = PBXFileReference; lastKnownFileType = sourcecode.swift; path = ViewController.swift; sourceTree = "<group>"; };
		662CEF6021E99AA6009330BC /* Base */ = {isa = PBXFileReference; lastKnownFileType = file.storyboard; name = Base; path = Base.lproj/Main.storyboard; sourceTree = "<group>"; };
		662CEF6221E99AA9009330BC /* Assets.xcassets */ = {isa = PBXFileReference; lastKnownFileType = folder.assetcatalog; path = Assets.xcassets; sourceTree = "<group>"; };
		662CEF6521E99AA9009330BC /* Base */ = {isa = PBXFileReference; lastKnownFileType = file.storyboard; name = Base; path = Base.lproj/LaunchScreen.storyboard; sourceTree = "<group>"; };
		662CEF6721E99AA9009330BC /* Info.plist */ = {isa = PBXFileReference; lastKnownFileType = text.plist.xml; path = Info.plist; sourceTree = "<group>"; };
		662CEF6D21E99CB5009330BC /* DotoList.swift */ = {isa = PBXFileReference; lastKnownFileType = sourcecode.swift; path = DotoList.swift; sourceTree = "<group>"; };
/* End PBXFileReference section */

/* Begin PBXFrameworksBuildPhase section */
		662CEF5521E99AA6009330BC /* Frameworks */ = {
			isa = PBXFrameworksBuildPhase;
			buildActionMask = 2147483647;
			files = (
			);
			runOnlyForDeploymentPostprocessing = 0;
		};
/* End PBXFrameworksBuildPhase section */

/* Begin PBXGroup section */
		662CEF4F21E99AA6009330BC = {
			isa = PBXGroup;
			children = (
				662CEF5A21E99AA6009330BC /* doto List */,
				662CEF5921E99AA6009330BC /* Products */,
			);
			sourceTree = "<group>";
		};
		662CEF5921E99AA6009330BC /* Products */ = {
			isa = PBXGroup;
			children = (
				662CEF5821E99AA6009330BC /* doto List.app */,
			);
			name = Products;
			sourceTree = "<group>";
		};
		662CEF5A21E99AA6009330BC /* doto List */ = {
			isa = PBXGroup;
			children = (
				662CEF5B21E99AA6009330BC /* AppDelegate.swift */,
				662CEF5D21E99AA6009330BC /* ViewController.swift */,
				662CEF6D21E99CB5009330BC /* DotoList.swift */,
				662CEF5F21E99AA6009330BC /* Main.storyboard */,
				662CEF6221E99AA9009330BC /* Assets.xcassets */,
				662CEF6421E99AA9009330BC /* LaunchScreen.storyboard */,
				662CEF6721E99AA9009330BC /* Info.plist */,
			);
			path = "doto List";
			sourceTree = "<group>";
		};
/* End PBXGroup section */

/* Begin PBXNativeTarget section */
		662CEF5721E99AA6009330BC /* doto List */ = {
			isa = PBXNativeTarget;
			buildConfigurationList = 662CEF6A21E99AA9009330BC /* Build configuration list for PBXNativeTarget "doto List" */;
			buildPhases = (
				662CEF5421E99AA6009330BC /* Sources */,
				662CEF5521E99AA6009330BC /* Frameworks */,
				662CEF5621E99AA6009330BC /* Resources */,
			);
			buildRules = (
			);
			dependencies = (
			);
			name = "doto List";
			productName = "doto List";
			productReference = 662CEF5821E99AA6009330BC /* doto List.app */;
			productType = "com.apple.product-type.application";
		};
/* End PBXNativeTarget section */

/* Begin PBXProject section */
		662CEF5021E99AA6009330BC /* Project object */ = {
			isa = PBXProject;
			attributes = {
				LastSwiftUpdateCheck = 0940;
				LastUpgradeCheck = 0940;
				ORGANIZATIONNAME = "Samantha Cortopassi";
				TargetAttributes = {
					662CEF5721E99AA6009330BC = {
						CreatedOnToolsVersion = 9.4.1;
					};
				};
			};
			buildConfigurationList = 662CEF5321E99AA6009330BC /* Build configuration list for PBXProject "doto List" */;
			compatibilityVersion = "Xcode 9.3";
			developmentRegion = en;
			hasScannedForEncodings = 0;
			knownRegions = (
				en,
				Base,
			);
			mainGroup = 662CEF4F21E99AA6009330BC;
			productRefGroup = 662CEF5921E99AA6009330BC /* Products */;
			projectDirPath = "";
			projectRoot = "";
			targets = (
				662CEF5721E99AA6009330BC /* doto List */,
			);
		};
/* End PBXProject section */

/* Begin PBXResourcesBuildPhase section */
		662CEF5621E99AA6009330BC /* Resources */ = {
			isa = PBXResourcesBuildPhase;
			buildActionMask = 2147483647;
			files = (
				662CEF6621E99AA9009330BC /* LaunchScreen.storyboard in Resources */,
				662CEF6321E99AA9009330BC /* Assets.xcassets in Resources */,
				662CEF6121E99AA6009330BC /* Main.storyboard in Resources */,
			);
			runOnlyForDeploymentPostprocessing = 0;
		};
/* End PBXResourcesBuildPhase section */

/* Begin PBXSourcesBuildPhase section */
		662CEF5421E99AA6009330BC /* Sources */ = {
			isa = PBXSourcesBuildPhase;
			buildActionMask = 2147483647;
			files = (
				662CEF5E21E99AA6009330BC /* ViewController.swift in Sources */,
				662CEF6E21E99CB5009330BC /* DotoList.swift in Sources */,
				662CEF5C21E99AA6009330BC /* AppDelegate.swift in Sources */,
			);
			runOnlyForDeploymentPostprocessing = 0;
		};
/* End PBXSourcesBuildPhase section */

/* Begin PBXVariantGroup section */
		662CEF5F21E99AA6009330BC /* Main.storyboard */ = {
			isa = PBXVariantGroup;
			children = (
				662CEF6021E99AA6009330BC /* Base */,
			);
			name = Main.storyboard;
			sourceTree = "<group>";
		};
		662CEF6421E99AA9009330BC /* LaunchScreen.storyboard */ = {
			isa = PBXVariantGroup;
			children = (
				662CEF6521E99AA9009330BC /* Base */,
			);
			name = LaunchScreen.storyboard;
			sourceTree = "<group>";
		};
/* End PBXVariantGroup section */

/* Begin XCBuildConfiguration section */
		662CEF6821E99AA9009330BC /* Debug */ = {
			isa = XCBuildConfiguration;
			buildSettings = {
				ALWAYS_SEARCH_USER_PATHS = NO;
				CLANG_ANALYZER_NONNULL = YES;
				CLANG_ANALYZER_NUMBER_OBJECT_CONVERSION = YES_AGGRESSIVE;
				CLANG_CXX_LANGUAGE_STANDARD = "gnu++14";
				CLANG_CXX_LIBRARY = "libc++";
				CLANG_ENABLE_MODULES = YES;
				CLANG_ENABLE_OBJC_ARC = YES;
				CLANG_ENABLE_OBJC_WEAK = YES;
				CLANG_WARN_BLOCK_CAPTURE_AUTORELEASING = YES;
				CLANG_WARN_BOOL_CONVERSION = YES;
				CLANG_WARN_COMMA = YES;
				CLANG_WARN_CONSTANT_CONVERSION = YES;
				CLANG_WARN_DEPRECATED_OBJC_IMPLEMENTATIONS = YES;
				CLANG_WARN_DIRECT_OBJC_ISA_USAGE = YES_ERROR;
				CLANG_WARN_DOCUMENTATION_COMMENTS = YES;
				CLANG_WARN_EMPTY_BODY = YES;
				CLANG_WARN_ENUM_CONVERSION = YES;
				CLANG_WARN_INFINITE_RECURSION = YES;
				CLANG_WARN_INT_CONVERSION = YES;
				CLANG_WARN_NON_LITERAL_NULL_CONVERSION = YES;
				CLANG_WARN_OBJC_IMPLICIT_RETAIN_SELF = YES;
				CLANG_WARN_OBJC_LITERAL_CONVERSION = YES;
				CLANG_WARN_OBJC_ROOT_CLASS = YES_ERROR;
				CLANG_WARN_RANGE_LOOP_ANALYSIS = YES;
				CLANG_WARN_STRICT_PROTOTYPES = YES;
				CLANG_WARN_SUSPICIOUS_MOVE = YES;
				CLANG_WARN_UNGUARDED_AVAILABILITY = YES_AGGRESSIVE;
				CLANG_WARN_UNREACHABLE_CODE = YES;
				CLANG_WARN__DUPLICATE_METHOD_MATCH = YES;
				CODE_SIGN_IDENTITY = "iPhone Developer";
				COPY_PHASE_STRIP = NO;
				DEBUG_INFORMATION_FORMAT = dwarf;
				ENABLE_STRICT_OBJC_MSGSEND = YES;
				ENABLE_TESTABILITY = YES;
				GCC_C_LANGUAGE_STANDARD = gnu11;
				GCC_DYNAMIC_NO_PIC = NO;
				GCC_NO_COMMON_BLOCKS = YES;
				GCC_OPTIMIZATION_LEVEL = 0;
				GCC_PREPROCESSOR_DEFINITIONS = (
					"DEBUG=1",
					"$(inherited)",
				);
				GCC_WARN_64_TO_32_BIT_CONVERSION = YES;
				GCC_WARN_ABOUT_RETURN_TYPE = YES_ERROR;
				GCC_WARN_UNDECLARED_SELECTOR = YES;
				GCC_WARN_UNINITIALIZED_AUTOS = YES_AGGRESSIVE;
				GCC_WARN_UNUSED_FUNCTION = YES;
				GCC_WARN_UNUSED_VARIABLE = YES;
				IPHONEOS_DEPLOYMENT_TARGET = 11.4;
				MTL_ENABLE_DEBUG_INFO = YES;
				ONLY_ACTIVE_ARCH = YES;
				SDKROOT = iphoneos;
				SWIFT_ACTIVE_COMPILATION_CONDITIONS = DEBUG;
				SWIFT_OPTIMIZATION_LEVEL = "-Onone";
			};
			name = Debug;
		};
		662CEF6921E99AA9009330BC /* Release */ = {
			isa = XCBuildConfiguration;
			buildSettings = {
				ALWAYS_SEARCH_USER_PATHS = NO;
				CLANG_ANALYZER_NONNULL = YES;
				CLANG_ANALYZER_NUMBER_OBJECT_CONVERSION = YES_AGGRESSIVE;
				CLANG_CXX_LANGUAGE_STANDARD = "gnu++14";
				CLANG_CXX_LIBRARY = "libc++";
				CLANG_ENABLE_MODULES = YES;
				CLANG_ENABLE_OBJC_ARC = YES;
				CLANG_ENABLE_OBJC_WEAK = YES;
				CLANG_WARN_BLOCK_CAPTURE_AUTORELEASING = YES;
				CLANG_WARN_BOOL_CONVERSION = YES;
				CLANG_WARN_COMMA = YES;
				CLANG_WARN_CONSTANT_CONVERSION = YES;
				CLANG_WARN_DEPRECATED_OBJC_IMPLEMENTATIONS = YES;
				CLANG_WARN_DIRECT_OBJC_ISA_USAGE = YES_ERROR;
				CLANG_WARN_DOCUMENTATION_COMMENTS = YES;
				CLANG_WARN_EMPTY_BODY = YES;
				CLANG_WARN_ENUM_CONVERSION = YES;
				CLANG_WARN_INFINITE_RECURSION = YES;
				CLANG_WARN_INT_CONVERSION = YES;
				CLANG_WARN_NON_LITERAL_NULL_CONVERSION = YES;
				CLANG_WARN_OBJC_IMPLICIT_RETAIN_SELF = YES;
				CLANG_WARN_OBJC_LITERAL_CONVERSION = YES;
				CLANG_WARN_OBJC_ROOT_CLASS = YES_ERROR;
				CLANG_WARN_RANGE_LOOP_ANALYSIS = YES;
				CLANG_WARN_STRICT_PROTOTYPES = YES;
				CLANG_WARN_SUSPICIOUS_MOVE = YES;
				CLANG_WARN_UNGUARDED_AVAILABILITY = YES_AGGRESSIVE;
				CLANG_WARN_UNREACHABLE_CODE = YES;
				CLANG_WARN__DUPLICATE_METHOD_MATCH = YES;
				CODE_SIGN_IDENTITY = "iPhone Developer";
				COPY_PHASE_STRIP = NO;
				DEBUG_INFORMATION_FORMAT = "dwarf-with-dsym";
				ENABLE_NS_ASSERTIONS = NO;
				ENABLE_STRICT_OBJC_MSGSEND = YES;
				GCC_C_LANGUAGE_STANDARD = gnu11;
				GCC_NO_COMMON_BLOCKS = YES;
				GCC_WARN_64_TO_32_BIT_CONVERSION = YES;
				GCC_WARN_ABOUT_RETURN_TYPE = YES_ERROR;
				GCC_WARN_UNDECLARED_SELECTOR = YES;
				GCC_WARN_UNINITIALIZED_AUTOS = YES_AGGRESSIVE;
				GCC_WARN_UNUSED_FUNCTION = YES;
				GCC_WARN_UNUSED_VARIABLE = YES;
				IPHONEOS_DEPLOYMENT_TARGET = 11.4;
				MTL_ENABLE_DEBUG_INFO = NO;
				SDKROOT = iphoneos;
				SWIFT_COMPILATION_MODE = wholemodule;
				SWIFT_OPTIMIZATION_LEVEL = "-O";
				VALIDATE_PRODUCT = YES;
			};
			name = Release;
		};
		662CEF6B21E99AA9009330BC /* Debug */ = {
			isa = XCBuildConfiguration;
			buildSettings = {
				ASSETCATALOG_COMPILER_APPICON_NAME = AppIcon;
				CODE_SIGN_STYLE = Automatic;
				INFOPLIST_FILE = "doto List/Info.plist";
				LD_RUNPATH_SEARCH_PATHS = (
					"$(inherited)",
					"@executable_path/Frameworks",
				);
				PRODUCT_BUNDLE_IDENTIFIER = "com.Samantha.doto-List";
				PRODUCT_NAME = "$(TARGET_NAME)";
				SWIFT_VERSION = 4.0;
				TARGETED_DEVICE_FAMILY = "1,2";
			};
			name = Debug;
		};
		662CEF6C21E99AA9009330BC /* Release */ = {
			isa = XCBuildConfiguration;
			buildSettings = {
				ASSETCATALOG_COMPILER_APPICON_NAME = AppIcon;
				CODE_SIGN_STYLE = Automatic;
				INFOPLIST_FILE = "doto List/Info.plist";
				LD_RUNPATH_SEARCH_PATHS = (
					"$(inherited)",
					"@executable_path/Frameworks",
				);
				PRODUCT_BUNDLE_IDENTIFIER = "com.Samantha.doto-List";
				PRODUCT_NAME = "$(TARGET_NAME)";
				SWIFT_VERSION = 4.0;
				TARGETED_DEVICE_FAMILY = "1,2";
			};
			name = Release;
		};
/* End XCBuildConfiguration section */

/* Begin XCConfigurationList section */
		662CEF5321E99AA6009330BC /* Build configuration list for PBXProject "doto List" */ = {
			isa = XCConfigurationList;
			buildConfigurations = (
				662CEF6821E99AA9009330BC /* Debug */,
				662CEF6921E99AA9009330BC /* Release */,
			);
			defaultConfigurationIsVisible = 0;
			defaultConfigurationName = Release;
		};
		662CEF6A21E99AA9009330BC /* Build configuration list for PBXNativeTarget "doto List" */ = {
			isa = XCConfigurationList;
			buildConfigurations = (
				662CEF6B21E99AA9009330BC /* Debug */,
				662CEF6C21E99AA9009330BC /* Release */,
			);
			defaultConfigurationIsVisible = 0;
			defaultConfigurationName = Release;
		};
/* End XCConfigurationList section */
	};
	rootObject = 662CEF5021E99AA6009330BC /* Project object */;
}
